
Microsoft Visual Studio Solution File, Format Version 12.00
# Visual Studio Version 17
VisualStudioVersion = 17.3.32613.285
MinimumVisualStudioVersion = 10.0.40219.1
Project("{FAE04EC0-301F-11D3-BF4B-00C04F79EFBC}") = "WpfCustomControlLibrary1", "WpfCustomControlLibrary1\WpfCustomControlLibrary1.csproj", "{3D77B721-6899-4232-8768-89208F46B85C}"
EndProject
Global
	GlobalSection(SolutionConfigurationPlatforms) = preSolution
		Debug|Any CPU = Debug|Any CPU
		Release|Any CPU = Release|Any CPU
	EndGlobalSection
	GlobalSection(ProjectConfigurationPlatforms) = postSolution
		{3D77B721-6899-4232-8768-89208F46B85C}.Debug|Any CPU.ActiveCfg = Debug|Any CPU
		{3D77B721-6899-4232-8768-89208F46B85C}.Debug|Any CPU.Build.0 = Debug|Any CPU
		{3D77B721-6899-4232-8768-89208F46B85C}.Release|Any CPU.ActiveCfg = Release|Any CPU
		{3D77B721-6899-4232-8768-89208F46B85C}.Release|Any CPU.Build.0 = Release|Any CPU
	EndGlobalSection
	GlobalSection(SolutionProperties) = preSolution
		HideSolutionNode = FALSE
	EndGlobalSection
	GlobalSection(ExtensibilityGlobals) = postSolution
		SolutionGuid = {DD79BA46-101A-4D77-8993-E38BDC52898D}
	EndGlobalSection
EndGlobal
